
Microsoft Visual Studio Solution File, Format Version 12.00
Project("{FAE04EC0-301F-11D3-BF4B-00C04F79EFBC}") = "CarsShop.API", "CarsShop.API\CarsShop.API.csproj", "{2F5E5A35-5570-4E29-95AA-91B7F68CEEE0}"
EndProject
Project("{FAE04EC0-301F-11D3-BF4B-00C04F79EFBC}") = "CarsShop.DAL", "CarsShop.DAL\CarsShop.DAL.csproj", "{73C9471D-5B54-40B4-A861-F6395B5DB734}"
EndProject
Project("{FAE04EC0-301F-11D3-BF4B-00C04F79EFBC}") = "CarsShop.DTO", "CarsShop.DTO\CarsShop.DTO.csproj", "{C477F909-4896-4E60-8DB3-64EE5469A4D1}"
EndProject
Project("{FAE04EC0-301F-11D3-BF4B-00C04F79EFBC}") = "CarsShop.DAL.Abstraction", "CarsShop.DAL.Abstraction\CarsShop.DAL.Abstraction.csproj", "{32561DA8-F8D3-48DB-BD9D-32F8ADAA45FD}"
EndProject
Project("{FAE04EC0-301F-11D3-BF4B-00C04F79EFBC}") = "CarsShop.Data", "CarsShop.Data\CarsShop.Data.csproj", "{63E4F78B-DE59-4CA0-8CE7-28412B936CEF}"
EndProject
Project("{2150E333-8FDC-42A3-9474-1A3956D46DE8}") = "Common", "Common", "{64ADD638-14A4-4A30-8DB7-E6DF15F49B79}"
EndProject
Project("{2150E333-8FDC-42A3-9474-1A3956D46DE8}") = "Business", "Business", "{B68886C8-5F41-48DE-9823-C0CA89008DF1}"
EndProject
Project("{FAE04EC0-301F-11D3-BF4B-00C04F79EFBC}") = "CarsShop.Business", "CarsShop.Business\CarsShop.Business.csproj", "{AB1FBBED-C3F3-4C15-B3CE-1787AD276680}"
EndProject
Global
	GlobalSection(SolutionConfigurationPlatforms) = preSolution
		Debug|Any CPU = Debug|Any CPU
		Release|Any CPU = Release|Any CPU
	EndGlobalSection
	GlobalSection(ProjectConfigurationPlatforms) = postSolution
		{2F5E5A35-5570-4E29-95AA-91B7F68CEEE0}.Debug|Any CPU.ActiveCfg = Debug|Any CPU
		{2F5E5A35-5570-4E29-95AA-91B7F68CEEE0}.Debug|Any CPU.Build.0 = Debug|Any CPU
		{2F5E5A35-5570-4E29-95AA-91B7F68CEEE0}.Release|Any CPU.ActiveCfg = Release|Any CPU
		{2F5E5A35-5570-4E29-95AA-91B7F68CEEE0}.Release|Any CPU.Build.0 = Release|Any CPU
		{73C9471D-5B54-40B4-A861-F6395B5DB734}.Debug|Any CPU.ActiveCfg = Debug|Any CPU
		{73C9471D-5B54-40B4-A861-F6395B5DB734}.Debug|Any CPU.Build.0 = Debug|Any CPU
		{73C9471D-5B54-40B4-A861-F6395B5DB734}.Release|Any CPU.ActiveCfg = Release|Any CPU
		{73C9471D-5B54-40B4-A861-F6395B5DB734}.Release|Any CPU.Build.0 = Release|Any CPU
		{C477F909-4896-4E60-8DB3-64EE5469A4D1}.Debug|Any CPU.ActiveCfg = Debug|Any CPU
		{C477F909-4896-4E60-8DB3-64EE5469A4D1}.Debug|Any CPU.Build.0 = Debug|Any CPU
		{C477F909-4896-4E60-8DB3-64EE5469A4D1}.Release|Any CPU.ActiveCfg = Release|Any CPU
		{C477F909-4896-4E60-8DB3-64EE5469A4D1}.Release|Any CPU.Build.0 = Release|Any CPU
		{32561DA8-F8D3-48DB-BD9D-32F8ADAA45FD}.Debug|Any CPU.ActiveCfg = Debug|Any CPU
		{32561DA8-F8D3-48DB-BD9D-32F8ADAA45FD}.Debug|Any CPU.Build.0 = Debug|Any CPU
		{32561DA8-F8D3-48DB-BD9D-32F8ADAA45FD}.Release|Any CPU.ActiveCfg = Release|Any CPU
		{32561DA8-F8D3-48DB-BD9D-32F8ADAA45FD}.Release|Any CPU.Build.0 = Release|Any CPU
		{63E4F78B-DE59-4CA0-8CE7-28412B936CEF}.Debug|Any CPU.ActiveCfg = Debug|Any CPU
		{63E4F78B-DE59-4CA0-8CE7-28412B936CEF}.Debug|Any CPU.Build.0 = Debug|Any CPU
		{63E4F78B-DE59-4CA0-8CE7-28412B936CEF}.Release|Any CPU.ActiveCfg = Release|Any CPU
		{63E4F78B-DE59-4CA0-8CE7-28412B936CEF}.Release|Any CPU.Build.0 = Release|Any CPU
		{AB1FBBED-C3F3-4C15-B3CE-1787AD276680}.Debug|Any CPU.ActiveCfg = Debug|Any CPU
		{AB1FBBED-C3F3-4C15-B3CE-1787AD276680}.Debug|Any CPU.Build.0 = Debug|Any CPU
		{AB1FBBED-C3F3-4C15-B3CE-1787AD276680}.Release|Any CPU.ActiveCfg = Release|Any CPU
		{AB1FBBED-C3F3-4C15-B3CE-1787AD276680}.Release|Any CPU.Build.0 = Release|Any CPU
	EndGlobalSection
	GlobalSection(NestedProjects) = preSolution
		{32561DA8-F8D3-48DB-BD9D-32F8ADAA45FD} = {64ADD638-14A4-4A30-8DB7-E6DF15F49B79}
		{63E4F78B-DE59-4CA0-8CE7-28412B936CEF} = {64ADD638-14A4-4A30-8DB7-E6DF15F49B79}
		{AB1FBBED-C3F3-4C15-B3CE-1787AD276680} = {B68886C8-5F41-48DE-9823-C0CA89008DF1}
	EndGlobalSection
EndGlobal
